
Microsoft Visual Studio Solution File, Format Version 12.00
# Visual Studio Version 16
VisualStudioVersion = 16.0.31005.135
MinimumVisualStudioVersion = 10.0.40219.1
Project("{FAE04EC0-301F-11D3-BF4B-00C04F79EFBC}") = "WinReader", "WinReader.csproj", "{8E06E21D-79C8-4174-9955-72CB1253CB79}"
EndProject
Global
	GlobalSection(SolutionConfigurationPlatforms) = preSolution
		Debug|Any CPU = Debug|Any CPU
		Release|Any CPU = Release|Any CPU
	EndGlobalSection
	GlobalSection(ProjectConfigurationPlatforms) = postSolution
		{8E06E21D-79C8-4174-9955-72CB1253CB79}.Debug|Any CPU.ActiveCfg = Debug|Any CPU
		{8E06E21D-79C8-4174-9955-72CB1253CB79}.Debug|Any CPU.Build.0 = Debug|Any CPU
		{8E06E21D-79C8-4174-9955-72CB1253CB79}.Release|Any CPU.ActiveCfg = Release|Any CPU
		{8E06E21D-79C8-4174-9955-72CB1253CB79}.Release|Any CPU.Build.0 = Release|Any CPU
	EndGlobalSection
	GlobalSection(SolutionProperties) = preSolution
		HideSolutionNode = FALSE
	EndGlobalSection
	GlobalSection(ExtensibilityGlobals) = postSolution
		SolutionGuid = {BCF3DC93-A887-4868-BB6D-BC3B6D4CF9E2}
	EndGlobalSection
EndGlobal
