
Microsoft Visual Studio Solution File, Format Version 12.00
# Visual Studio Version 16
VisualStudioVersion = 16.0.29609.76
MinimumVisualStudioVersion = 10.0.40219.1
Project("{FAE04EC0-301F-11D3-BF4B-00C04F79EFBC}") = "Override1", "Override1.csproj", "{832926A7-1A0A-48BE-A0E9-973B39C7E730}"
EndProject
Global
	GlobalSection(SolutionConfigurationPlatforms) = preSolution
		Debug|Any CPU = Debug|Any CPU
		Release|Any CPU = Release|Any CPU
	EndGlobalSection
	GlobalSection(ProjectConfigurationPlatforms) = postSolution
		{832926A7-1A0A-48BE-A0E9-973B39C7E730}.Debug|Any CPU.ActiveCfg = Debug|Any CPU
		{832926A7-1A0A-48BE-A0E9-973B39C7E730}.Debug|Any CPU.Build.0 = Debug|Any CPU
		{832926A7-1A0A-48BE-A0E9-973B39C7E730}.Release|Any CPU.ActiveCfg = Release|Any CPU
		{832926A7-1A0A-48BE-A0E9-973B39C7E730}.Release|Any CPU.Build.0 = Release|Any CPU
	EndGlobalSection
	GlobalSection(SolutionProperties) = preSolution
		HideSolutionNode = FALSE
	EndGlobalSection
	GlobalSection(ExtensibilityGlobals) = postSolution
		SolutionGuid = {AE9A15B3-70FD-405A-A993-1FB5A83A9A56}
	EndGlobalSection
EndGlobal
