
Microsoft Visual Studio Solution File, Format Version 12.00
# Visual Studio Version 16
VisualStudioVersion = 16.0.30907.101
MinimumVisualStudioVersion = 10.0.40219.1
Project("{FAE04EC0-301F-11D3-BF4B-00C04F79EFBC}") = "ContinueDemo", "ContinueDemo.csproj", "{DDF5E0E0-3966-46AB-B18A-8C64FC4F8C45}"
EndProject
Global
	GlobalSection(SolutionConfigurationPlatforms) = preSolution
		Debug|Any CPU = Debug|Any CPU
		Release|Any CPU = Release|Any CPU
	EndGlobalSection
	GlobalSection(ProjectConfigurationPlatforms) = postSolution
		{DDF5E0E0-3966-46AB-B18A-8C64FC4F8C45}.Debug|Any CPU.ActiveCfg = Debug|Any CPU
		{DDF5E0E0-3966-46AB-B18A-8C64FC4F8C45}.Debug|Any CPU.Build.0 = Debug|Any CPU
		{DDF5E0E0-3966-46AB-B18A-8C64FC4F8C45}.Release|Any CPU.ActiveCfg = Release|Any CPU
		{DDF5E0E0-3966-46AB-B18A-8C64FC4F8C45}.Release|Any CPU.Build.0 = Release|Any CPU
	EndGlobalSection
	GlobalSection(SolutionProperties) = preSolution
		HideSolutionNode = FALSE
	EndGlobalSection
	GlobalSection(ExtensibilityGlobals) = postSolution
		SolutionGuid = {3BD740BA-B682-4DA3-8627-FE9AD51F445D}
	EndGlobalSection
EndGlobal
