
Microsoft Visual Studio Solution File, Format Version 12.00
# Visual Studio Version 16
VisualStudioVersion = 16.0.29609.76
MinimumVisualStudioVersion = 10.0.40219.1
Project("{FAE04EC0-301F-11D3-BF4B-00C04F79EFBC}") = "Generic1", "Generic1.csproj", "{C81C8735-8661-4CE3-8450-9165C9E25340}"
EndProject
Global
	GlobalSection(SolutionConfigurationPlatforms) = preSolution
		Debug|Any CPU = Debug|Any CPU
		Release|Any CPU = Release|Any CPU
	EndGlobalSection
	GlobalSection(ProjectConfigurationPlatforms) = postSolution
		{C81C8735-8661-4CE3-8450-9165C9E25340}.Debug|Any CPU.ActiveCfg = Debug|Any CPU
		{C81C8735-8661-4CE3-8450-9165C9E25340}.Debug|Any CPU.Build.0 = Debug|Any CPU
		{C81C8735-8661-4CE3-8450-9165C9E25340}.Release|Any CPU.ActiveCfg = Release|Any CPU
		{C81C8735-8661-4CE3-8450-9165C9E25340}.Release|Any CPU.Build.0 = Release|Any CPU
	EndGlobalSection
	GlobalSection(SolutionProperties) = preSolution
		HideSolutionNode = FALSE
	EndGlobalSection
	GlobalSection(ExtensibilityGlobals) = postSolution
		SolutionGuid = {07824C6B-004E-42FF-B20C-27B99374580C}
	EndGlobalSection
EndGlobal
