
Microsoft Visual Studio Solution File, Format Version 12.00
# Visual Studio Version 16
VisualStudioVersion = 16.0.29609.76
MinimumVisualStudioVersion = 10.0.40219.1
Project("{FAE04EC0-301F-11D3-BF4B-00C04F79EFBC}") = "Delegate3", "Delegate3.csproj", "{2C767BE9-1ABC-4252-9146-9EA09B19BF8B}"
EndProject
Global
	GlobalSection(SolutionConfigurationPlatforms) = preSolution
		Debug|Any CPU = Debug|Any CPU
		Release|Any CPU = Release|Any CPU
	EndGlobalSection
	GlobalSection(ProjectConfigurationPlatforms) = postSolution
		{2C767BE9-1ABC-4252-9146-9EA09B19BF8B}.Debug|Any CPU.ActiveCfg = Debug|Any CPU
		{2C767BE9-1ABC-4252-9146-9EA09B19BF8B}.Debug|Any CPU.Build.0 = Debug|Any CPU
		{2C767BE9-1ABC-4252-9146-9EA09B19BF8B}.Release|Any CPU.ActiveCfg = Release|Any CPU
		{2C767BE9-1ABC-4252-9146-9EA09B19BF8B}.Release|Any CPU.Build.0 = Release|Any CPU
	EndGlobalSection
	GlobalSection(SolutionProperties) = preSolution
		HideSolutionNode = FALSE
	EndGlobalSection
	GlobalSection(ExtensibilityGlobals) = postSolution
		SolutionGuid = {A6D5488B-6A9D-4FE3-8C93-A5485855408C}
	EndGlobalSection
EndGlobal
