
Microsoft Visual Studio Solution File, Format Version 12.00
# Visual Studio Version 16
VisualStudioVersion = 16.0.31005.135
MinimumVisualStudioVersion = 10.0.40219.1
Project("{FAE04EC0-301F-11D3-BF4B-00C04F79EFBC}") = "PlaySound", "PlaySound.csproj", "{1DD52A87-95D5-4A35-86DD-D167C685AA68}"
EndProject
Global
	GlobalSection(SolutionConfigurationPlatforms) = preSolution
		Debug|Any CPU = Debug|Any CPU
		Release|Any CPU = Release|Any CPU
	EndGlobalSection
	GlobalSection(ProjectConfigurationPlatforms) = postSolution
		{1DD52A87-95D5-4A35-86DD-D167C685AA68}.Debug|Any CPU.ActiveCfg = Debug|Any CPU
		{1DD52A87-95D5-4A35-86DD-D167C685AA68}.Debug|Any CPU.Build.0 = Debug|Any CPU
		{1DD52A87-95D5-4A35-86DD-D167C685AA68}.Release|Any CPU.ActiveCfg = Release|Any CPU
		{1DD52A87-95D5-4A35-86DD-D167C685AA68}.Release|Any CPU.Build.0 = Release|Any CPU
	EndGlobalSection
	GlobalSection(SolutionProperties) = preSolution
		HideSolutionNode = FALSE
	EndGlobalSection
	GlobalSection(ExtensibilityGlobals) = postSolution
		SolutionGuid = {5DBEEF55-97B0-4626-A558-D1D7426F44E3}
	EndGlobalSection
EndGlobal
