
Microsoft Visual Studio Solution File, Format Version 12.00
# Visual Studio Version 16
VisualStudioVersion = 16.0.30907.101
MinimumVisualStudioVersion = 10.0.40219.1
Project("{FAE04EC0-301F-11D3-BF4B-00C04F79EFBC}") = "Starts", "Starts.csproj", "{DA8FA342-35BE-44F3-81F7-BB82CB8C7F42}"
EndProject
Global
	GlobalSection(SolutionConfigurationPlatforms) = preSolution
		Debug|Any CPU = Debug|Any CPU
		Release|Any CPU = Release|Any CPU
	EndGlobalSection
	GlobalSection(ProjectConfigurationPlatforms) = postSolution
		{DA8FA342-35BE-44F3-81F7-BB82CB8C7F42}.Debug|Any CPU.ActiveCfg = Debug|Any CPU
		{DA8FA342-35BE-44F3-81F7-BB82CB8C7F42}.Debug|Any CPU.Build.0 = Debug|Any CPU
		{DA8FA342-35BE-44F3-81F7-BB82CB8C7F42}.Release|Any CPU.ActiveCfg = Release|Any CPU
		{DA8FA342-35BE-44F3-81F7-BB82CB8C7F42}.Release|Any CPU.Build.0 = Release|Any CPU
	EndGlobalSection
	GlobalSection(SolutionProperties) = preSolution
		HideSolutionNode = FALSE
	EndGlobalSection
	GlobalSection(ExtensibilityGlobals) = postSolution
		SolutionGuid = {BCD1D647-54C0-4AD4-AB93-1654E538F10A}
	EndGlobalSection
EndGlobal
