
Microsoft Visual Studio Solution File, Format Version 12.00
# Visual Studio Version 16
VisualStudioVersion = 16.0.30907.101
MinimumVisualStudioVersion = 10.0.40219.1
Project("{FAE04EC0-301F-11D3-BF4B-00C04F79EFBC}") = "IfDemo2", "IfDemo2.csproj", "{2E06F982-1DC7-4817-8A21-C90707BEE652}"
EndProject
Global
	GlobalSection(SolutionConfigurationPlatforms) = preSolution
		Debug|Any CPU = Debug|Any CPU
		Release|Any CPU = Release|Any CPU
	EndGlobalSection
	GlobalSection(ProjectConfigurationPlatforms) = postSolution
		{2E06F982-1DC7-4817-8A21-C90707BEE652}.Debug|Any CPU.ActiveCfg = Debug|Any CPU
		{2E06F982-1DC7-4817-8A21-C90707BEE652}.Debug|Any CPU.Build.0 = Debug|Any CPU
		{2E06F982-1DC7-4817-8A21-C90707BEE652}.Release|Any CPU.ActiveCfg = Release|Any CPU
		{2E06F982-1DC7-4817-8A21-C90707BEE652}.Release|Any CPU.Build.0 = Release|Any CPU
	EndGlobalSection
	GlobalSection(SolutionProperties) = preSolution
		HideSolutionNode = FALSE
	EndGlobalSection
	GlobalSection(ExtensibilityGlobals) = postSolution
		SolutionGuid = {58ECEF74-930B-4DB4-B070-E690A59FB39D}
	EndGlobalSection
EndGlobal
