
Microsoft Visual Studio Solution File, Format Version 12.00
# Visual Studio Version 16
VisualStudioVersion = 16.0.29609.76
MinimumVisualStudioVersion = 10.0.40219.1
Project("{FAE04EC0-301F-11D3-BF4B-00C04F79EFBC}") = "CatchEggs", "CatchEggs.csproj", "{14BC9D97-807C-4F07-8686-AAD4D4B67AB6}"
EndProject
Global
	GlobalSection(SolutionConfigurationPlatforms) = preSolution
		Debug|Any CPU = Debug|Any CPU
		Release|Any CPU = Release|Any CPU
	EndGlobalSection
	GlobalSection(ProjectConfigurationPlatforms) = postSolution
		{14BC9D97-807C-4F07-8686-AAD4D4B67AB6}.Debug|Any CPU.ActiveCfg = Debug|Any CPU
		{14BC9D97-807C-4F07-8686-AAD4D4B67AB6}.Debug|Any CPU.Build.0 = Debug|Any CPU
		{14BC9D97-807C-4F07-8686-AAD4D4B67AB6}.Release|Any CPU.ActiveCfg = Release|Any CPU
		{14BC9D97-807C-4F07-8686-AAD4D4B67AB6}.Release|Any CPU.Build.0 = Release|Any CPU
	EndGlobalSection
	GlobalSection(SolutionProperties) = preSolution
		HideSolutionNode = FALSE
	EndGlobalSection
	GlobalSection(ExtensibilityGlobals) = postSolution
		SolutionGuid = {986D0B07-A02C-4C86-BBFA-505B1AE98C9A}
	EndGlobalSection
EndGlobal
