
Microsoft Visual Studio Solution File, Format Version 12.00
# Visual Studio Version 16
VisualStudioVersion = 16.0.30907.101
MinimumVisualStudioVersion = 10.0.40219.1
Project("{FAE04EC0-301F-11D3-BF4B-00C04F79EFBC}") = "ExceptionDemo", "ExceptionDemo.csproj", "{863FF522-2D8F-44AE-866D-F5042DBC0FE3}"
EndProject
Global
	GlobalSection(SolutionConfigurationPlatforms) = preSolution
		Debug|Any CPU = Debug|Any CPU
		Release|Any CPU = Release|Any CPU
	EndGlobalSection
	GlobalSection(ProjectConfigurationPlatforms) = postSolution
		{863FF522-2D8F-44AE-866D-F5042DBC0FE3}.Debug|Any CPU.ActiveCfg = Debug|Any CPU
		{863FF522-2D8F-44AE-866D-F5042DBC0FE3}.Debug|Any CPU.Build.0 = Debug|Any CPU
		{863FF522-2D8F-44AE-866D-F5042DBC0FE3}.Release|Any CPU.ActiveCfg = Release|Any CPU
		{863FF522-2D8F-44AE-866D-F5042DBC0FE3}.Release|Any CPU.Build.0 = Release|Any CPU
	EndGlobalSection
	GlobalSection(SolutionProperties) = preSolution
		HideSolutionNode = FALSE
	EndGlobalSection
	GlobalSection(ExtensibilityGlobals) = postSolution
		SolutionGuid = {24B522A6-729F-44A1-B531-9012ADE83FA1}
	EndGlobalSection
EndGlobal
