
Microsoft Visual Studio Solution File, Format Version 12.00
# Visual Studio Version 16
VisualStudioVersion = 16.0.31005.135
MinimumVisualStudioVersion = 10.0.40219.1
Project("{FAE04EC0-301F-11D3-BF4B-00C04F79EFBC}") = "WinBtnDesigner", "WinBtnDesigner.csproj", "{A5574341-FB74-4774-B077-05F1E1AF5160}"
EndProject
Global
	GlobalSection(SolutionConfigurationPlatforms) = preSolution
		Debug|Any CPU = Debug|Any CPU
		Release|Any CPU = Release|Any CPU
	EndGlobalSection
	GlobalSection(ProjectConfigurationPlatforms) = postSolution
		{A5574341-FB74-4774-B077-05F1E1AF5160}.Debug|Any CPU.ActiveCfg = Debug|Any CPU
		{A5574341-FB74-4774-B077-05F1E1AF5160}.Debug|Any CPU.Build.0 = Debug|Any CPU
		{A5574341-FB74-4774-B077-05F1E1AF5160}.Release|Any CPU.ActiveCfg = Release|Any CPU
		{A5574341-FB74-4774-B077-05F1E1AF5160}.Release|Any CPU.Build.0 = Release|Any CPU
	EndGlobalSection
	GlobalSection(SolutionProperties) = preSolution
		HideSolutionNode = FALSE
	EndGlobalSection
	GlobalSection(ExtensibilityGlobals) = postSolution
		SolutionGuid = {290BFBC1-6E57-473F-B1EF-4C24116525DD}
	EndGlobalSection
EndGlobal
