
Microsoft Visual Studio Solution File, Format Version 12.00
# Visual Studio Version 16
VisualStudioVersion = 16.0.30907.101
MinimumVisualStudioVersion = 10.0.40219.1
Project("{FAE04EC0-301F-11D3-BF4B-00C04F79EFBC}") = "Max", "Max.csproj", "{29D6B76B-2AC4-41BA-B808-7D5C13CB80AD}"
EndProject
Global
	GlobalSection(SolutionConfigurationPlatforms) = preSolution
		Debug|Any CPU = Debug|Any CPU
		Release|Any CPU = Release|Any CPU
	EndGlobalSection
	GlobalSection(ProjectConfigurationPlatforms) = postSolution
		{29D6B76B-2AC4-41BA-B808-7D5C13CB80AD}.Debug|Any CPU.ActiveCfg = Debug|Any CPU
		{29D6B76B-2AC4-41BA-B808-7D5C13CB80AD}.Debug|Any CPU.Build.0 = Debug|Any CPU
		{29D6B76B-2AC4-41BA-B808-7D5C13CB80AD}.Release|Any CPU.ActiveCfg = Release|Any CPU
		{29D6B76B-2AC4-41BA-B808-7D5C13CB80AD}.Release|Any CPU.Build.0 = Release|Any CPU
	EndGlobalSection
	GlobalSection(SolutionProperties) = preSolution
		HideSolutionNode = FALSE
	EndGlobalSection
	GlobalSection(ExtensibilityGlobals) = postSolution
		SolutionGuid = {B9AD92F3-D05A-43C1-84FC-D30E1F20179C}
	EndGlobalSection
EndGlobal
