
Microsoft Visual Studio Solution File, Format Version 12.00
# Visual Studio Version 16
VisualStudioVersion = 16.0.30523.141
MinimumVisualStudioVersion = 10.0.40219.1
Project("{FAE04EC0-301F-11D3-BF4B-00C04F79EFBC}") = "ForDemo", "ForDemo.csproj", "{688B989F-5F51-4ECB-933C-1F373758412D}"
EndProject
Global
	GlobalSection(SolutionConfigurationPlatforms) = preSolution
		Debug|Any CPU = Debug|Any CPU
		Release|Any CPU = Release|Any CPU
	EndGlobalSection
	GlobalSection(ProjectConfigurationPlatforms) = postSolution
		{688B989F-5F51-4ECB-933C-1F373758412D}.Debug|Any CPU.ActiveCfg = Debug|Any CPU
		{688B989F-5F51-4ECB-933C-1F373758412D}.Debug|Any CPU.Build.0 = Debug|Any CPU
		{688B989F-5F51-4ECB-933C-1F373758412D}.Release|Any CPU.ActiveCfg = Release|Any CPU
		{688B989F-5F51-4ECB-933C-1F373758412D}.Release|Any CPU.Build.0 = Release|Any CPU
	EndGlobalSection
	GlobalSection(SolutionProperties) = preSolution
		HideSolutionNode = FALSE
	EndGlobalSection
	GlobalSection(ExtensibilityGlobals) = postSolution
		SolutionGuid = {61511111-DF2A-4C65-A4D5-728D08145A37}
	EndGlobalSection
EndGlobal
