
Microsoft Visual Studio Solution File, Format Version 12.00
# Visual Studio Version 16
VisualStudioVersion = 16.0.31005.135
MinimumVisualStudioVersion = 10.0.40219.1
Project("{FAE04EC0-301F-11D3-BF4B-00C04F79EFBC}") = "WinSystemSounds", "WinSystemSounds.csproj", "{B24EDD55-8670-4C91-8880-F85714A38B7C}"
EndProject
Global
	GlobalSection(SolutionConfigurationPlatforms) = preSolution
		Debug|Any CPU = Debug|Any CPU
		Release|Any CPU = Release|Any CPU
	EndGlobalSection
	GlobalSection(ProjectConfigurationPlatforms) = postSolution
		{B24EDD55-8670-4C91-8880-F85714A38B7C}.Debug|Any CPU.ActiveCfg = Debug|Any CPU
		{B24EDD55-8670-4C91-8880-F85714A38B7C}.Debug|Any CPU.Build.0 = Debug|Any CPU
		{B24EDD55-8670-4C91-8880-F85714A38B7C}.Release|Any CPU.ActiveCfg = Release|Any CPU
		{B24EDD55-8670-4C91-8880-F85714A38B7C}.Release|Any CPU.Build.0 = Release|Any CPU
	EndGlobalSection
	GlobalSection(SolutionProperties) = preSolution
		HideSolutionNode = FALSE
	EndGlobalSection
	GlobalSection(ExtensibilityGlobals) = postSolution
		SolutionGuid = {2F81063D-DBE0-4CEF-BA8A-77B46BE59DD4}
	EndGlobalSection
EndGlobal
