
Microsoft Visual Studio Solution File, Format Version 12.00
# Visual Studio Version 16
VisualStudioVersion = 16.0.29609.76
MinimumVisualStudioVersion = 10.0.40219.1
Project("{FAE04EC0-301F-11D3-BF4B-00C04F79EFBC}") = "ProgressBar", "ProgressBar.csproj", "{5B35A2CA-935D-478F-B85B-12064A742E2D}"
EndProject
Global
	GlobalSection(SolutionConfigurationPlatforms) = preSolution
		Debug|Any CPU = Debug|Any CPU
		Release|Any CPU = Release|Any CPU
	EndGlobalSection
	GlobalSection(ProjectConfigurationPlatforms) = postSolution
		{5B35A2CA-935D-478F-B85B-12064A742E2D}.Debug|Any CPU.ActiveCfg = Debug|Any CPU
		{5B35A2CA-935D-478F-B85B-12064A742E2D}.Debug|Any CPU.Build.0 = Debug|Any CPU
		{5B35A2CA-935D-478F-B85B-12064A742E2D}.Release|Any CPU.ActiveCfg = Release|Any CPU
		{5B35A2CA-935D-478F-B85B-12064A742E2D}.Release|Any CPU.Build.0 = Release|Any CPU
	EndGlobalSection
	GlobalSection(SolutionProperties) = preSolution
		HideSolutionNode = FALSE
	EndGlobalSection
	GlobalSection(ExtensibilityGlobals) = postSolution
		SolutionGuid = {DF93EAAA-65DB-46EF-B1DD-2464BAFD1E1C}
	EndGlobalSection
EndGlobal
