
Microsoft Visual Studio Solution File, Format Version 12.00
# Visual Studio Version 16
VisualStudioVersion = 16.0.29609.76
MinimumVisualStudioVersion = 10.0.40219.1
Project("{FAE04EC0-301F-11D3-BF4B-00C04F79EFBC}") = "StackEx", "StackEx.csproj", "{EE83E2EB-27AD-4000-93AF-CC361D0871C7}"
EndProject
Global
	GlobalSection(SolutionConfigurationPlatforms) = preSolution
		Debug|Any CPU = Debug|Any CPU
		Release|Any CPU = Release|Any CPU
	EndGlobalSection
	GlobalSection(ProjectConfigurationPlatforms) = postSolution
		{EE83E2EB-27AD-4000-93AF-CC361D0871C7}.Debug|Any CPU.ActiveCfg = Debug|Any CPU
		{EE83E2EB-27AD-4000-93AF-CC361D0871C7}.Debug|Any CPU.Build.0 = Debug|Any CPU
		{EE83E2EB-27AD-4000-93AF-CC361D0871C7}.Release|Any CPU.ActiveCfg = Release|Any CPU
		{EE83E2EB-27AD-4000-93AF-CC361D0871C7}.Release|Any CPU.Build.0 = Release|Any CPU
	EndGlobalSection
	GlobalSection(SolutionProperties) = preSolution
		HideSolutionNode = FALSE
	EndGlobalSection
	GlobalSection(ExtensibilityGlobals) = postSolution
		SolutionGuid = {53CF9995-FE3C-4AFD-88E7-776BE3C44672}
	EndGlobalSection
EndGlobal
