
Microsoft Visual Studio Solution File, Format Version 12.00
# Visual Studio Version 16
VisualStudioVersion = 16.0.29609.76
MinimumVisualStudioVersion = 10.0.40219.1
Project("{FAE04EC0-301F-11D3-BF4B-00C04F79EFBC}") = "PadEx2", "PadEx2.csproj", "{71BC15F3-55CB-49D7-BF1B-B4A494438D50}"
EndProject
Global
	GlobalSection(SolutionConfigurationPlatforms) = preSolution
		Debug|Any CPU = Debug|Any CPU
		Release|Any CPU = Release|Any CPU
	EndGlobalSection
	GlobalSection(ProjectConfigurationPlatforms) = postSolution
		{71BC15F3-55CB-49D7-BF1B-B4A494438D50}.Debug|Any CPU.ActiveCfg = Debug|Any CPU
		{71BC15F3-55CB-49D7-BF1B-B4A494438D50}.Debug|Any CPU.Build.0 = Debug|Any CPU
		{71BC15F3-55CB-49D7-BF1B-B4A494438D50}.Release|Any CPU.ActiveCfg = Release|Any CPU
		{71BC15F3-55CB-49D7-BF1B-B4A494438D50}.Release|Any CPU.Build.0 = Release|Any CPU
	EndGlobalSection
	GlobalSection(SolutionProperties) = preSolution
		HideSolutionNode = FALSE
	EndGlobalSection
	GlobalSection(ExtensibilityGlobals) = postSolution
		SolutionGuid = {5D2DFA4E-90DE-49A5-ABD8-0242F51E092A}
	EndGlobalSection
EndGlobal
