
Microsoft Visual Studio Solution File, Format Version 12.00
# Visual Studio Version 16
VisualStudioVersion = 16.0.31005.135
MinimumVisualStudioVersion = 10.0.40219.1
Project("{FAE04EC0-301F-11D3-BF4B-00C04F79EFBC}") = "WinCard", "WinCard.csproj", "{D07C9CD0-A5A1-4152-BD2F-977C297CB8F5}"
EndProject
Global
	GlobalSection(SolutionConfigurationPlatforms) = preSolution
		Debug|Any CPU = Debug|Any CPU
		Release|Any CPU = Release|Any CPU
	EndGlobalSection
	GlobalSection(ProjectConfigurationPlatforms) = postSolution
		{D07C9CD0-A5A1-4152-BD2F-977C297CB8F5}.Debug|Any CPU.ActiveCfg = Debug|Any CPU
		{D07C9CD0-A5A1-4152-BD2F-977C297CB8F5}.Debug|Any CPU.Build.0 = Debug|Any CPU
		{D07C9CD0-A5A1-4152-BD2F-977C297CB8F5}.Release|Any CPU.ActiveCfg = Release|Any CPU
		{D07C9CD0-A5A1-4152-BD2F-977C297CB8F5}.Release|Any CPU.Build.0 = Release|Any CPU
	EndGlobalSection
	GlobalSection(SolutionProperties) = preSolution
		HideSolutionNode = FALSE
	EndGlobalSection
	GlobalSection(ExtensibilityGlobals) = postSolution
		SolutionGuid = {5DFA81EC-0EFD-4686-80DE-D5A874D543BD}
	EndGlobalSection
EndGlobal
