
Microsoft Visual Studio Solution File, Format Version 12.00
# Visual Studio Version 16
VisualStudioVersion = 16.0.31005.135
MinimumVisualStudioVersion = 10.0.40219.1
Project("{FAE04EC0-301F-11D3-BF4B-00C04F79EFBC}") = "ConnectionOleDb", "ConnectionOleDb.csproj", "{312F9D23-9650-4843-8C0B-CD466F7D61CA}"
EndProject
Global
	GlobalSection(SolutionConfigurationPlatforms) = preSolution
		Debug|Any CPU = Debug|Any CPU
		Release|Any CPU = Release|Any CPU
	EndGlobalSection
	GlobalSection(ProjectConfigurationPlatforms) = postSolution
		{312F9D23-9650-4843-8C0B-CD466F7D61CA}.Debug|Any CPU.ActiveCfg = Debug|Any CPU
		{312F9D23-9650-4843-8C0B-CD466F7D61CA}.Debug|Any CPU.Build.0 = Debug|Any CPU
		{312F9D23-9650-4843-8C0B-CD466F7D61CA}.Release|Any CPU.ActiveCfg = Release|Any CPU
		{312F9D23-9650-4843-8C0B-CD466F7D61CA}.Release|Any CPU.Build.0 = Release|Any CPU
	EndGlobalSection
	GlobalSection(SolutionProperties) = preSolution
		HideSolutionNode = FALSE
	EndGlobalSection
	GlobalSection(ExtensibilityGlobals) = postSolution
		SolutionGuid = {1CE6E697-2AB8-4169-A2D0-28145D52DB4E}
	EndGlobalSection
EndGlobal
