
Microsoft Visual Studio Solution File, Format Version 12.00
# Visual Studio Version 16
VisualStudioVersion = 16.0.30523.141
MinimumVisualStudioVersion = 10.0.40219.1
Project("{FAE04EC0-301F-11D3-BF4B-00C04F79EFBC}") = "ParallelForEachDemo", "ParallelForEachDemo.csproj", "{0C82F43A-574A-4CCD-A392-11735683C99A}"
EndProject
Global
	GlobalSection(SolutionConfigurationPlatforms) = preSolution
		Debug|Any CPU = Debug|Any CPU
		Release|Any CPU = Release|Any CPU
	EndGlobalSection
	GlobalSection(ProjectConfigurationPlatforms) = postSolution
		{0C82F43A-574A-4CCD-A392-11735683C99A}.Debug|Any CPU.ActiveCfg = Debug|Any CPU
		{0C82F43A-574A-4CCD-A392-11735683C99A}.Debug|Any CPU.Build.0 = Debug|Any CPU
		{0C82F43A-574A-4CCD-A392-11735683C99A}.Release|Any CPU.ActiveCfg = Release|Any CPU
		{0C82F43A-574A-4CCD-A392-11735683C99A}.Release|Any CPU.Build.0 = Release|Any CPU
	EndGlobalSection
	GlobalSection(SolutionProperties) = preSolution
		HideSolutionNode = FALSE
	EndGlobalSection
	GlobalSection(ExtensibilityGlobals) = postSolution
		SolutionGuid = {27E53891-21C7-4026-8FCF-29FA24CF2C51}
	EndGlobalSection
EndGlobal
