
Microsoft Visual Studio Solution File, Format Version 12.00
# Visual Studio Version 16
VisualStudioVersion = 16.0.30907.101
MinimumVisualStudioVersion = 10.0.40219.1
Project("{FAE04EC0-301F-11D3-BF4B-00C04F79EFBC}") = "LinqDataSet", "LinqDataSet.csproj", "{8E1353CA-4F47-4152-B63F-DE64ED005D66}"
EndProject
Global
	GlobalSection(SolutionConfigurationPlatforms) = preSolution
		Debug|Any CPU = Debug|Any CPU
		Release|Any CPU = Release|Any CPU
	EndGlobalSection
	GlobalSection(ProjectConfigurationPlatforms) = postSolution
		{8E1353CA-4F47-4152-B63F-DE64ED005D66}.Debug|Any CPU.ActiveCfg = Debug|Any CPU
		{8E1353CA-4F47-4152-B63F-DE64ED005D66}.Debug|Any CPU.Build.0 = Debug|Any CPU
		{8E1353CA-4F47-4152-B63F-DE64ED005D66}.Release|Any CPU.ActiveCfg = Release|Any CPU
		{8E1353CA-4F47-4152-B63F-DE64ED005D66}.Release|Any CPU.Build.0 = Release|Any CPU
	EndGlobalSection
	GlobalSection(SolutionProperties) = preSolution
		HideSolutionNode = FALSE
	EndGlobalSection
	GlobalSection(ExtensibilityGlobals) = postSolution
		SolutionGuid = {67FAF3D4-5EE8-4F8E-9204-C4BAB5A15767}
	EndGlobalSection
EndGlobal
