
Microsoft Visual Studio Solution File, Format Version 12.00
# Visual Studio Version 16
VisualStudioVersion = 16.0.30907.101
MinimumVisualStudioVersion = 10.0.40219.1
Project("{FAE04EC0-301F-11D3-BF4B-00C04F79EFBC}") = "ForDemo", "ForDemo.csproj", "{E352A413-9849-44C2-B743-436CE1B49294}"
EndProject
Global
	GlobalSection(SolutionConfigurationPlatforms) = preSolution
		Debug|Any CPU = Debug|Any CPU
		Release|Any CPU = Release|Any CPU
	EndGlobalSection
	GlobalSection(ProjectConfigurationPlatforms) = postSolution
		{E352A413-9849-44C2-B743-436CE1B49294}.Debug|Any CPU.ActiveCfg = Debug|Any CPU
		{E352A413-9849-44C2-B743-436CE1B49294}.Debug|Any CPU.Build.0 = Debug|Any CPU
		{E352A413-9849-44C2-B743-436CE1B49294}.Release|Any CPU.ActiveCfg = Release|Any CPU
		{E352A413-9849-44C2-B743-436CE1B49294}.Release|Any CPU.Build.0 = Release|Any CPU
	EndGlobalSection
	GlobalSection(SolutionProperties) = preSolution
		HideSolutionNode = FALSE
	EndGlobalSection
	GlobalSection(ExtensibilityGlobals) = postSolution
		SolutionGuid = {658EDADA-D3EC-4BD9-873F-6785913ECB39}
	EndGlobalSection
EndGlobal
