
Microsoft Visual Studio Solution File, Format Version 12.00
# Visual Studio Version 16
VisualStudioVersion = 16.0.30523.141
MinimumVisualStudioVersion = 10.0.40219.1
Project("{FAE04EC0-301F-11D3-BF4B-00C04F79EFBC}") = "ProductWeb", "ProductWeb\ProductWeb.csproj", "{F6042080-709E-4936-BAEE-8692A9281FE5}"
EndProject
Global
	GlobalSection(SolutionConfigurationPlatforms) = preSolution
		Debug|Any CPU = Debug|Any CPU
		Release|Any CPU = Release|Any CPU
	EndGlobalSection
	GlobalSection(ProjectConfigurationPlatforms) = postSolution
		{F6042080-709E-4936-BAEE-8692A9281FE5}.Debug|Any CPU.ActiveCfg = Debug|Any CPU
		{F6042080-709E-4936-BAEE-8692A9281FE5}.Debug|Any CPU.Build.0 = Debug|Any CPU
		{F6042080-709E-4936-BAEE-8692A9281FE5}.Release|Any CPU.ActiveCfg = Release|Any CPU
		{F6042080-709E-4936-BAEE-8692A9281FE5}.Release|Any CPU.Build.0 = Release|Any CPU
	EndGlobalSection
	GlobalSection(SolutionProperties) = preSolution
		HideSolutionNode = FALSE
	EndGlobalSection
	GlobalSection(ExtensibilityGlobals) = postSolution
		SolutionGuid = {0F708D19-E3AA-4433-AC8C-69870CC185E7}
	EndGlobalSection
EndGlobal
