
Microsoft Visual Studio Solution File, Format Version 12.00
# Visual Studio Version 16
VisualStudioVersion = 16.0.30907.101
MinimumVisualStudioVersion = 10.0.40219.1
Project("{FAE04EC0-301F-11D3-BF4B-00C04F79EFBC}") = "ArraySortDemo", "ArraySortDemo.csproj", "{559C68C9-239C-47DA-8993-3F9015676407}"
EndProject
Global
	GlobalSection(SolutionConfigurationPlatforms) = preSolution
		Debug|Any CPU = Debug|Any CPU
		Release|Any CPU = Release|Any CPU
	EndGlobalSection
	GlobalSection(ProjectConfigurationPlatforms) = postSolution
		{559C68C9-239C-47DA-8993-3F9015676407}.Debug|Any CPU.ActiveCfg = Debug|Any CPU
		{559C68C9-239C-47DA-8993-3F9015676407}.Debug|Any CPU.Build.0 = Debug|Any CPU
		{559C68C9-239C-47DA-8993-3F9015676407}.Release|Any CPU.ActiveCfg = Release|Any CPU
		{559C68C9-239C-47DA-8993-3F9015676407}.Release|Any CPU.Build.0 = Release|Any CPU
	EndGlobalSection
	GlobalSection(SolutionProperties) = preSolution
		HideSolutionNode = FALSE
	EndGlobalSection
	GlobalSection(ExtensibilityGlobals) = postSolution
		SolutionGuid = {FE38F21D-8B5C-4861-8717-4CE77953330A}
	EndGlobalSection
EndGlobal
