
Microsoft Visual Studio Solution File, Format Version 12.00
# Visual Studio Version 16
VisualStudioVersion = 16.0.30523.141
MinimumVisualStudioVersion = 10.0.40219.1
Project("{FAE04EC0-301F-11D3-BF4B-00C04F79EFBC}") = "CustomVision02", "CustomVision02.csproj", "{67E42AC1-A5C8-4A88-822F-59BBDBE8BC63}"
EndProject
Global
	GlobalSection(SolutionConfigurationPlatforms) = preSolution
		Debug|Any CPU = Debug|Any CPU
		Release|Any CPU = Release|Any CPU
	EndGlobalSection
	GlobalSection(ProjectConfigurationPlatforms) = postSolution
		{67E42AC1-A5C8-4A88-822F-59BBDBE8BC63}.Debug|Any CPU.ActiveCfg = Debug|Any CPU
		{67E42AC1-A5C8-4A88-822F-59BBDBE8BC63}.Debug|Any CPU.Build.0 = Debug|Any CPU
		{67E42AC1-A5C8-4A88-822F-59BBDBE8BC63}.Release|Any CPU.ActiveCfg = Release|Any CPU
		{67E42AC1-A5C8-4A88-822F-59BBDBE8BC63}.Release|Any CPU.Build.0 = Release|Any CPU
	EndGlobalSection
	GlobalSection(SolutionProperties) = preSolution
		HideSolutionNode = FALSE
	EndGlobalSection
	GlobalSection(ExtensibilityGlobals) = postSolution
		SolutionGuid = {41511539-E5AD-433C-9054-9308F3277CF3}
	EndGlobalSection
EndGlobal
