
Microsoft Visual Studio Solution File, Format Version 12.00
# Visual Studio Version 16
VisualStudioVersion = 16.0.30907.101
MinimumVisualStudioVersion = 10.0.40219.1
Project("{FAE04EC0-301F-11D3-BF4B-00C04F79EFBC}") = "IfDemo1", "IfDemo1.csproj", "{06C29976-2147-4CC0-BA7E-597B7C8C8FD2}"
EndProject
Global
	GlobalSection(SolutionConfigurationPlatforms) = preSolution
		Debug|Any CPU = Debug|Any CPU
		Release|Any CPU = Release|Any CPU
	EndGlobalSection
	GlobalSection(ProjectConfigurationPlatforms) = postSolution
		{06C29976-2147-4CC0-BA7E-597B7C8C8FD2}.Debug|Any CPU.ActiveCfg = Debug|Any CPU
		{06C29976-2147-4CC0-BA7E-597B7C8C8FD2}.Debug|Any CPU.Build.0 = Debug|Any CPU
		{06C29976-2147-4CC0-BA7E-597B7C8C8FD2}.Release|Any CPU.ActiveCfg = Release|Any CPU
		{06C29976-2147-4CC0-BA7E-597B7C8C8FD2}.Release|Any CPU.Build.0 = Release|Any CPU
	EndGlobalSection
	GlobalSection(SolutionProperties) = preSolution
		HideSolutionNode = FALSE
	EndGlobalSection
	GlobalSection(ExtensibilityGlobals) = postSolution
		SolutionGuid = {0C9F1B08-E423-4E67-A118-F8F0C19ECD4F}
	EndGlobalSection
EndGlobal
