
Microsoft Visual Studio Solution File, Format Version 12.00
# Visual Studio Version 16
VisualStudioVersion = 16.0.30907.101
MinimumVisualStudioVersion = 10.0.40219.1
Project("{FAE04EC0-301F-11D3-BF4B-00C04F79EFBC}") = "Employee", "Employee.csproj", "{FAF1C38A-F983-497B-A03D-1A675376FD59}"
EndProject
Global
	GlobalSection(SolutionConfigurationPlatforms) = preSolution
		Debug|Any CPU = Debug|Any CPU
		Release|Any CPU = Release|Any CPU
	EndGlobalSection
	GlobalSection(ProjectConfigurationPlatforms) = postSolution
		{FAF1C38A-F983-497B-A03D-1A675376FD59}.Debug|Any CPU.ActiveCfg = Debug|Any CPU
		{FAF1C38A-F983-497B-A03D-1A675376FD59}.Debug|Any CPU.Build.0 = Debug|Any CPU
		{FAF1C38A-F983-497B-A03D-1A675376FD59}.Release|Any CPU.ActiveCfg = Release|Any CPU
		{FAF1C38A-F983-497B-A03D-1A675376FD59}.Release|Any CPU.Build.0 = Release|Any CPU
	EndGlobalSection
	GlobalSection(SolutionProperties) = preSolution
		HideSolutionNode = FALSE
	EndGlobalSection
	GlobalSection(ExtensibilityGlobals) = postSolution
		SolutionGuid = {620476DB-5427-46E0-BEF5-2036336A930D}
	EndGlobalSection
EndGlobal
