
Microsoft Visual Studio Solution File, Format Version 12.00
# Visual Studio Version 16
VisualStudioVersion = 16.0.29609.76
MinimumVisualStudioVersion = 10.0.40219.1
Project("{FAE04EC0-301F-11D3-BF4B-00C04F79EFBC}") = "countdown", "countdown.csproj", "{9490F61B-B299-44C0-BA38-85F670E6C052}"
EndProject
Global
	GlobalSection(SolutionConfigurationPlatforms) = preSolution
		Debug|Any CPU = Debug|Any CPU
		Release|Any CPU = Release|Any CPU
	EndGlobalSection
	GlobalSection(ProjectConfigurationPlatforms) = postSolution
		{9490F61B-B299-44C0-BA38-85F670E6C052}.Debug|Any CPU.ActiveCfg = Debug|Any CPU
		{9490F61B-B299-44C0-BA38-85F670E6C052}.Debug|Any CPU.Build.0 = Debug|Any CPU
		{9490F61B-B299-44C0-BA38-85F670E6C052}.Release|Any CPU.ActiveCfg = Release|Any CPU
		{9490F61B-B299-44C0-BA38-85F670E6C052}.Release|Any CPU.Build.0 = Release|Any CPU
	EndGlobalSection
	GlobalSection(SolutionProperties) = preSolution
		HideSolutionNode = FALSE
	EndGlobalSection
	GlobalSection(ExtensibilityGlobals) = postSolution
		SolutionGuid = {848E6120-00BA-41F6-9AA3-EF33B8B23C62}
	EndGlobalSection
EndGlobal
