
Microsoft Visual Studio Solution File, Format Version 12.00
# Visual Studio Version 16
VisualStudioVersion = 16.0.30907.101
MinimumVisualStudioVersion = 10.0.40219.1
Project("{FAE04EC0-301F-11D3-BF4B-00C04F79EFBC}") = "SwitchDemo1", "SwitchDemo1.csproj", "{79CB2893-DED9-4BD8-88B0-D54E1FD972CC}"
EndProject
Global
	GlobalSection(SolutionConfigurationPlatforms) = preSolution
		Debug|Any CPU = Debug|Any CPU
		Release|Any CPU = Release|Any CPU
	EndGlobalSection
	GlobalSection(ProjectConfigurationPlatforms) = postSolution
		{79CB2893-DED9-4BD8-88B0-D54E1FD972CC}.Debug|Any CPU.ActiveCfg = Debug|Any CPU
		{79CB2893-DED9-4BD8-88B0-D54E1FD972CC}.Debug|Any CPU.Build.0 = Debug|Any CPU
		{79CB2893-DED9-4BD8-88B0-D54E1FD972CC}.Release|Any CPU.ActiveCfg = Release|Any CPU
		{79CB2893-DED9-4BD8-88B0-D54E1FD972CC}.Release|Any CPU.Build.0 = Release|Any CPU
	EndGlobalSection
	GlobalSection(SolutionProperties) = preSolution
		HideSolutionNode = FALSE
	EndGlobalSection
	GlobalSection(ExtensibilityGlobals) = postSolution
		SolutionGuid = {93849812-0F8D-4ACD-82A1-A14EC967FDA4}
	EndGlobalSection
EndGlobal
