
Microsoft Visual Studio Solution File, Format Version 12.00
# Visual Studio Version 16
VisualStudioVersion = 16.0.30523.141
MinimumVisualStudioVersion = 10.0.40219.1
Project("{FAE04EC0-301F-11D3-BF4B-00C04F79EFBC}") = "FaceApi01", "FaceApi01.csproj", "{19981239-F905-4817-8FDC-DA18E46DC721}"
EndProject
Global
	GlobalSection(SolutionConfigurationPlatforms) = preSolution
		Debug|Any CPU = Debug|Any CPU
		Release|Any CPU = Release|Any CPU
	EndGlobalSection
	GlobalSection(ProjectConfigurationPlatforms) = postSolution
		{19981239-F905-4817-8FDC-DA18E46DC721}.Debug|Any CPU.ActiveCfg = Debug|Any CPU
		{19981239-F905-4817-8FDC-DA18E46DC721}.Debug|Any CPU.Build.0 = Debug|Any CPU
		{19981239-F905-4817-8FDC-DA18E46DC721}.Release|Any CPU.ActiveCfg = Release|Any CPU
		{19981239-F905-4817-8FDC-DA18E46DC721}.Release|Any CPU.Build.0 = Release|Any CPU
	EndGlobalSection
	GlobalSection(SolutionProperties) = preSolution
		HideSolutionNode = FALSE
	EndGlobalSection
	GlobalSection(ExtensibilityGlobals) = postSolution
		SolutionGuid = {D6690C95-17D0-4CE1-BB51-F3C6AE8847D8}
	EndGlobalSection
EndGlobal
