
Microsoft Visual Studio Solution File, Format Version 12.00
# Visual Studio Version 16
VisualStudioVersion = 16.0.29609.76
MinimumVisualStudioVersion = 10.0.40219.1
Project("{FAE04EC0-301F-11D3-BF4B-00C04F79EFBC}") = "MyForm", "MyForm.csproj", "{3A331313-4837-40E2-A5A8-6079CDB35930}"
EndProject
Global
	GlobalSection(SolutionConfigurationPlatforms) = preSolution
		Debug|Any CPU = Debug|Any CPU
		Release|Any CPU = Release|Any CPU
	EndGlobalSection
	GlobalSection(ProjectConfigurationPlatforms) = postSolution
		{3A331313-4837-40E2-A5A8-6079CDB35930}.Debug|Any CPU.ActiveCfg = Debug|Any CPU
		{3A331313-4837-40E2-A5A8-6079CDB35930}.Debug|Any CPU.Build.0 = Debug|Any CPU
		{3A331313-4837-40E2-A5A8-6079CDB35930}.Release|Any CPU.ActiveCfg = Release|Any CPU
		{3A331313-4837-40E2-A5A8-6079CDB35930}.Release|Any CPU.Build.0 = Release|Any CPU
	EndGlobalSection
	GlobalSection(SolutionProperties) = preSolution
		HideSolutionNode = FALSE
	EndGlobalSection
	GlobalSection(ExtensibilityGlobals) = postSolution
		SolutionGuid = {4A27F13C-1C52-4563-9A50-E57B04AB319C}
	EndGlobalSection
EndGlobal
