
Microsoft Visual Studio Solution File, Format Version 12.00
# Visual Studio Version 16
VisualStudioVersion = 16.0.30907.101
MinimumVisualStudioVersion = 10.0.40219.1
Project("{FAE04EC0-301F-11D3-BF4B-00C04F79EFBC}") = "RandNum", "RandNum.csproj", "{3BAAC313-ACFF-4509-9D5B-9AADB5EA6632}"
EndProject
Global
	GlobalSection(SolutionConfigurationPlatforms) = preSolution
		Debug|Any CPU = Debug|Any CPU
		Release|Any CPU = Release|Any CPU
	EndGlobalSection
	GlobalSection(ProjectConfigurationPlatforms) = postSolution
		{3BAAC313-ACFF-4509-9D5B-9AADB5EA6632}.Debug|Any CPU.ActiveCfg = Debug|Any CPU
		{3BAAC313-ACFF-4509-9D5B-9AADB5EA6632}.Debug|Any CPU.Build.0 = Debug|Any CPU
		{3BAAC313-ACFF-4509-9D5B-9AADB5EA6632}.Release|Any CPU.ActiveCfg = Release|Any CPU
		{3BAAC313-ACFF-4509-9D5B-9AADB5EA6632}.Release|Any CPU.Build.0 = Release|Any CPU
	EndGlobalSection
	GlobalSection(SolutionProperties) = preSolution
		HideSolutionNode = FALSE
	EndGlobalSection
	GlobalSection(ExtensibilityGlobals) = postSolution
		SolutionGuid = {AA6697F6-F2DC-462B-B3BF-D57B66732AFD}
	EndGlobalSection
EndGlobal
